PODS:
  - WCDB.swift (2.0.4):
    - WCDB.swift/no-arc (= 2.0.4)
    - WCDBOptimizedSQLCipher (~> 1.4.2)
  - WCDB.swift/no-arc (2.0.4):
    - WCDBOptimizedSQLCipher (~> 1.4.2)
  - WCDBOptimizedSQLCipher (1.4.2)

DEPENDENCIES:
  - WCDB.swift

SPEC REPOS:
  trunk:
    - WCDB.swift
    - WCDBOptimizedSQLCipher

SPEC CHECKSUMS:
  WCDB.swift: 28dd96180d913abadb3ea9cf99bd6e942262379a
  WCDBOptimizedSQLCipher: ef2be79fed278289a309ad0d4d707c55bf166d6d

PODFILE CHECKSUM: 83fa613411e7dbb6acb411e0dbef41e1dbc89c70

COCOAPODS: 1.14.3
