// !$*UTF8*$!
{
	archiveVersion = 1;
	classes = {
	};
	objectVersion = 56;
	objects = {

/* Begin PBXBuildFile section */
		65081C582B18CE91004F4C47 /* SegmentControlStyleView.swift in Sources */ = {isa = PBXBuildFile; fileRef = 65081C572B18CE91004F4C47 /* SegmentControlStyleView.swift */; };
		65081C5B2B18DC29004F4C47 /* ChatMsgShareView.swift in Sources */ = {isa = PBXBuildFile; fileRef = 65081C5A2B18DC29004F4C47 /* ChatMsgShareView.swift */; };
		65081C5D2B18ED9E004F4C47 /* ChatConfigUnit.swift in Sources */ = {isa = PBXBuildFile; fileRef = 65081C5C2B18ED9E004F4C47 /* ChatConfigUnit.swift */; };
		6553F6F92B18AC0D00C77C29 /* ChatModelSetupView.swift in Sources */ = {isa = PBXBuildFile; fileRef = 6553F6F82B18AC0D00C77C29 /* ChatModelSetupView.swift */; };
		6553F6FB2B18AC1B00C77C29 /* ChatModelSetupFeature.swift in Sources */ = {isa = PBXBuildFile; fileRef = 6553F6FA2B18AC1B00C77C29 /* ChatModelSetupFeature.swift */; };
		6553F6FD2B18AC2500C77C29 /* ChatModelSetupClient.swift in Sources */ = {isa = PBXBuildFile; fileRef = 6553F6FC2B18AC2500C77C29 /* ChatModelSetupClient.swift */; };
		655D35FF2B16D82F004A5308 /* SuggestionsModel.swift in Sources */ = {isa = PBXBuildFile; fileRef = 655D35FD2B16D82F004A5308 /* SuggestionsModel.swift */; };
		655D36002B16D82F004A5308 /* TopicHistoryModel.swift in Sources */ = {isa = PBXBuildFile; fileRef = 655D35FE2B16D82F004A5308 /* TopicHistoryModel.swift */; };
		655D36052B16D85C004A5308 /* MessageListView.swift in Sources */ = {isa = PBXBuildFile; fileRef = 655D36032B16D85C004A5308 /* MessageListView.swift */; };
		655D36062B16D85C004A5308 /* MessageListFeature.swift in Sources */ = {isa = PBXBuildFile; fileRef = 655D36042B16D85C004A5308 /* MessageListFeature.swift */; };
		655D36082B16D864004A5308 /* MessagingClient.swift in Sources */ = {isa = PBXBuildFile; fileRef = 655D36072B16D864004A5308 /* MessagingClient.swift */; };
		655D360A2B171299004A5308 /* Date+Ex.swift in Sources */ = {isa = PBXBuildFile; fileRef = 655D36092B171299004A5308 /* Date+Ex.swift */; };
		65876EC02B0F86BF00DFFE0C /* DeviceKit in Frameworks */ = {isa = PBXBuildFile; productRef = 65876EBF2B0F86BF00DFFE0C /* DeviceKit */; };
		65876EC32B0F873D00DFFE0C /* CryptoSwift in Frameworks */ = {isa = PBXBuildFile; productRef = 65876EC22B0F873D00DFFE0C /* CryptoSwift */; };
		65876EC62B0F880400DFFE0C /* HttpRequestHandler.swift in Sources */ = {isa = PBXBuildFile; fileRef = 65876EC52B0F880400DFFE0C /* HttpRequestHandler.swift */; };
		65876EC82B0F881100DFFE0C /* HttpResponseHandler.swift in Sources */ = {isa = PBXBuildFile; fileRef = 65876EC72B0F881100DFFE0C /* HttpResponseHandler.swift */; };
		65876ECC2B0F885200DFFE0C /* HttpErrorHandler.swift in Sources */ = {isa = PBXBuildFile; fileRef = 65876ECB2B0F885200DFFE0C /* HttpErrorHandler.swift */; };
		65876ED02B0F89DA00DFFE0C /* LaunchConfigReducer.swift in Sources */ = {isa = PBXBuildFile; fileRef = 65876ECF2B0F89DA00DFFE0C /* LaunchConfigReducer.swift */; };
		65876ED52B0F8D7C00DFFE0C /* Alamofire in Frameworks */ = {isa = PBXBuildFile; productRef = 65876ED42B0F8D7C00DFFE0C /* Alamofire */; };
		65876EDA2B0F936A00DFFE0C /* UserProfileModel.swift in Sources */ = {isa = PBXBuildFile; fileRef = 65876ED92B0F936A00DFFE0C /* UserProfileModel.swift */; };
		65876EDC2B0F948B00DFFE0C /* LaunchLoadView.swift in Sources */ = {isa = PBXBuildFile; fileRef = 65876EDB2B0F948B00DFFE0C /* LaunchLoadView.swift */; };
		65876EDE2B0F96A500DFFE0C /* HttpRequestClient.swift in Sources */ = {isa = PBXBuildFile; fileRef = 65876EDD2B0F96A500DFFE0C /* HttpRequestClient.swift */; };
		65876EE42B0FA0A800DFFE0C /* assistant_icon_wallpaper.gif in Resources */ = {isa = PBXBuildFile; fileRef = 65876EE02B0FA0A800DFFE0C /* assistant_icon_wallpaper.gif */; };
		65876EE52B0FA0A800DFFE0C /* assistant_icon_avatar.gif in Resources */ = {isa = PBXBuildFile; fileRef = 65876EE12B0FA0A800DFFE0C /* assistant_icon_avatar.gif */; };
		65876EE62B0FA0A800DFFE0C /* assistant_icon_socializing.gif in Resources */ = {isa = PBXBuildFile; fileRef = 65876EE22B0FA0A800DFFE0C /* assistant_icon_socializing.gif */; };
		65876EE72B0FA0A800DFFE0C /* assistant_icon_writing.gif in Resources */ = {isa = PBXBuildFile; fileRef = 65876EE32B0FA0A800DFFE0C /* assistant_icon_writing.gif */; };
		65876EE92B0FA0B400DFFE0C /* DouyinSansBold.otf in Resources */ = {isa = PBXBuildFile; fileRef = 65876EE82B0FA0B400DFFE0C /* DouyinSansBold.otf */; };
		659A55122B0EFE0500B2BF9B /* WeiBainingAIApp.swift in Sources */ = {isa = PBXBuildFile; fileRef = 659A55112B0EFE0500B2BF9B /* WeiBainingAIApp.swift */; };
		659A55162B0EFE0600B2BF9B /* Assets.xcassets in Resources */ = {isa = PBXBuildFile; fileRef = 659A55152B0EFE0600B2BF9B /* Assets.xcassets */; };
		659A551A2B0EFE0600B2BF9B /* Preview Assets.xcassets in Resources */ = {isa = PBXBuildFile; fileRef = 659A55192B0EFE0600B2BF9B /* Preview Assets.xcassets */; };
		659A55222B0EFE2C00B2BF9B /* Reachability in Frameworks */ = {isa = PBXBuildFile; productRef = 659A55212B0EFE2C00B2BF9B /* Reachability */; };
		659A552B2B0F003600B2BF9B /* KeychainSwift in Frameworks */ = {isa = PBXBuildFile; productRef = 659A552A2B0F003600B2BF9B /* KeychainSwift */; };
		659A552E2B0F004700B2BF9B /* SVProgressHUD in Frameworks */ = {isa = PBXBuildFile; productRef = 659A552D2B0F004700B2BF9B /* SVProgressHUD */; };
		659A55312B0F007400B2BF9B /* SwiftUIX in Frameworks */ = {isa = PBXBuildFile; productRef = 659A55302B0F007400B2BF9B /* SwiftUIX */; };
		659A55342B0F009A00B2BF9B /* Logging in Frameworks */ = {isa = PBXBuildFile; productRef = 659A55332B0F009A00B2BF9B /* Logging */; };
		65EAFBD12B18C5150055ABEA /* LaunchConfigClient.swift in Sources */ = {isa = PBXBuildFile; fileRef = 65EAFBD02B18C5150055ABEA /* LaunchConfigClient.swift */; };
		65EAFBD32B18C5800055ABEA /* ImagePickerView.swift in Sources */ = {isa = PBXBuildFile; fileRef = 65EAFBD22B18C5800055ABEA /* ImagePickerView.swift */; };
		65EAFBD52B18C59C0055ABEA /* MessagingHubViewFeature.swift in Sources */ = {isa = PBXBuildFile; fileRef = 65EAFBD42B18C59B0055ABEA /* MessagingHubViewFeature.swift */; };
		65EAFBD72B18C5B60055ABEA /* HttpParserHandler.swift in Sources */ = {isa = PBXBuildFile; fileRef = 65EAFBD62B18C5B60055ABEA /* HttpParserHandler.swift */; };
		65EAFBD92B18C5E90055ABEA /* MoreOptionsView.swift in Sources */ = {isa = PBXBuildFile; fileRef = 65EAFBD82B18C5E90055ABEA /* MoreOptionsView.swift */; };
		65EAFBDB2B18C6050055ABEA /* SupportAssistantView.swift in Sources */ = {isa = PBXBuildFile; fileRef = 65EAFBDA2B18C6050055ABEA /* SupportAssistantView.swift */; };
		7E0CD91D2B148A2F00308394 /* SupportAssistantDetailsModel.swift in Sources */ = {isa = PBXBuildFile; fileRef = 7E0CD91C2B148A2F00308394 /* SupportAssistantDetailsModel.swift */; };
		7E0FD99C2B2056BF0079C82D /* SupportAssistantTextView.swift in Sources */ = {isa = PBXBuildFile; fileRef = 7E0FD99B2B2056BF0079C82D /* SupportAssistantTextView.swift */; };
		7E0FD99E2B2056DF0079C82D /* SupportAssistantTextFeature.swift in Sources */ = {isa = PBXBuildFile; fileRef = 7E0FD99D2B2056DF0079C82D /* SupportAssistantTextFeature.swift */; };
		7E15CF8B2B1EFBEB00982C7B /* PremiumMemberSelectView.swift in Sources */ = {isa = PBXBuildFile; fileRef = 7E15CF8A2B1EFBEB00982C7B /* PremiumMemberSelectView.swift */; };
		7E51696D2B16143500737171 /* SupportAssistantDetailsTextCell.swift in Sources */ = {isa = PBXBuildFile; fileRef = 7E51696C2B16143500737171 /* SupportAssistantDetailsTextCell.swift */; };
		7E51696F2B16157E00737171 /* SupportAssistantDetailsSegmentedCell.swift in Sources */ = {isa = PBXBuildFile; fileRef = 7E51696E2B16157E00737171 /* SupportAssistantDetailsSegmentedCell.swift */; };
		7E645C772B19892500D7E589 /* MoreOptionsGroupModel.swift in Sources */ = {isa = PBXBuildFile; fileRef = 7E645C762B19892500D7E589 /* MoreOptionsGroupModel.swift */; };
		7E645C792B199EC700D7E589 /* MoreOptionsHeaderView.swift in Sources */ = {isa = PBXBuildFile; fileRef = 7E645C782B199EC700D7E589 /* MoreOptionsHeaderView.swift */; };
		7E645C7B2B19BC3600D7E589 /* MoreOptionsItemCell.swift in Sources */ = {isa = PBXBuildFile; fileRef = 7E645C7A2B19BC3600D7E589 /* MoreOptionsItemCell.swift */; };
		7E645C7D2B19BD5100D7E589 /* MoreOptionsBalanceCell.swift in Sources */ = {isa = PBXBuildFile; fileRef = 7E645C7C2B19BD5100D7E589 /* MoreOptionsBalanceCell.swift */; };
		7E645C802B19C40000D7E589 /* MoreBalanceItemModel.swift in Sources */ = {isa = PBXBuildFile; fileRef = 7E645C7F2B19C40000D7E589 /* MoreBalanceItemModel.swift */; };
		7E645C822B19CA2A00D7E589 /* MoreOptionsClient.swift in Sources */ = {isa = PBXBuildFile; fileRef = 7E645C812B19CA2A00D7E589 /* MoreOptionsClient.swift */; };
		7E645C842B19D19700D7E589 /* MoreOptionsSectionView.swift in Sources */ = {isa = PBXBuildFile; fileRef = 7E645C832B19D19700D7E589 /* MoreOptionsSectionView.swift */; };
		7E645C862B19D86B00D7E589 /* MoreSafariView.swift in Sources */ = {isa = PBXBuildFile; fileRef = 7E645C852B19D86B00D7E589 /* MoreSafariView.swift */; };
		7E6747ED2B1ADC12001D95FB /* PremiumMemberView.swift in Sources */ = {isa = PBXBuildFile; fileRef = 7E6747EC2B1ADC12001D95FB /* PremiumMemberView.swift */; };
		7E6747EF2B1ADC2F001D95FB /* PremiumMemberFeature.swift in Sources */ = {isa = PBXBuildFile; fileRef = 7E6747EE2B1ADC2F001D95FB /* PremiumMemberFeature.swift */; };
		7E6747F12B1B0DB0001D95FB /* PremiumMemberHeaderView.swift in Sources */ = {isa = PBXBuildFile; fileRef = 7E6747F02B1B0DB0001D95FB /* PremiumMemberHeaderView.swift */; };
		7E6747F32B1B1AA7001D95FB /* MemberHeaderItemModel.swift in Sources */ = {isa = PBXBuildFile; fileRef = 7E6747F22B1B1AA7001D95FB /* MemberHeaderItemModel.swift */; };
		7E6747F92B1B40DD001D95FB /* PremiumMemberSelectItemView.swift in Sources */ = {isa = PBXBuildFile; fileRef = 7E6747F82B1B40DD001D95FB /* PremiumMemberSelectItemView.swift */; };
		7E6747FB2B1B4430001D95FB /* PremiumMemberModel.swift in Sources */ = {isa = PBXBuildFile; fileRef = 7E6747FA2B1B4430001D95FB /* PremiumMemberModel.swift */; };
		7E6747FD2B1B44AE001D95FB /* PremiumMemberPageModel.swift in Sources */ = {isa = PBXBuildFile; fileRef = 7E6747FC2B1B44AE001D95FB /* PremiumMemberPageModel.swift */; };
		7E6747FF2B1B452C001D95FB /* PremiumMemberClient.swift in Sources */ = {isa = PBXBuildFile; fileRef = 7E6747FE2B1B452C001D95FB /* PremiumMemberClient.swift */; };
		7E689D9C2B15CA9600B4BFD3 /* ComposableArchitecture in Frameworks */ = {isa = PBXBuildFile; productRef = 7E689D9B2B15CA9600B4BFD3 /* ComposableArchitecture */; };
		7E75FB6C2B22C85F009F828E /* AppStoreResultModel.swift in Sources */ = {isa = PBXBuildFile; fileRef = 7E75FB6B2B22C85F009F828E /* AppStoreResultModel.swift */; };
		7E75FB6E2B2332A4009F828E /* Launch Screen.storyboard in Resources */ = {isa = PBXBuildFile; fileRef = 7E75FB6D2B2332A4009F828E /* Launch Screen.storyboard */; };
		7E94A4762B143B8300EA23F8 /* SupportAssistantCell.swift in Sources */ = {isa = PBXBuildFile; fileRef = 7E94A4752B143B8300EA23F8 /* SupportAssistantCell.swift */; };
		7E94A4782B143BC100EA23F8 /* SupportAssistantModel.swift in Sources */ = {isa = PBXBuildFile; fileRef = 7E94A4772B143BC100EA23F8 /* SupportAssistantModel.swift */; };
		7E94A4802B144B0600EA23F8 /* SupportAssistantFeature.swift in Sources */ = {isa = PBXBuildFile; fileRef = 7E94A47E2B144B0600EA23F8 /* SupportAssistantFeature.swift */; };
		7E94A4832B144BD200EA23F8 /* SupportAssistantDetailsView.swift in Sources */ = {isa = PBXBuildFile; fileRef = 7E94A4812B144BD200EA23F8 /* SupportAssistantDetailsView.swift */; };
		7E94A4842B144BD200EA23F8 /* SupportAssistantDetailsFeature.swift in Sources */ = {isa = PBXBuildFile; fileRef = 7E94A4822B144BD200EA23F8 /* SupportAssistantDetailsFeature.swift */; };
		7E95BC242B14C220001884AD /* SegmentedControl.swift in Sources */ = {isa = PBXBuildFile; fileRef = 7E95BC232B14C220001884AD /* SegmentedControl.swift */; };
		7EA68D0C2B15D10D00958343 /* SupportAssistantClient.swift in Sources */ = {isa = PBXBuildFile; fileRef = 7EA68D0B2B15D10D00958343 /* SupportAssistantClient.swift */; };
		7EA68D122B15EE1B00958343 /* ImagePickerFeature.swift in Sources */ = {isa = PBXBuildFile; fileRef = 7EA68D112B15EE1B00958343 /* ImagePickerFeature.swift */; };
		7EA68D142B16058200958343 /* SupportAssistantDetailsImageCell.swift in Sources */ = {isa = PBXBuildFile; fileRef = 7EA68D132B16058200958343 /* SupportAssistantDetailsImageCell.swift */; };
		7EB84D552B216B3200DB259A /* SupportAssistantLightShadowView.swift in Sources */ = {isa = PBXBuildFile; fileRef = 7EB84D542B216B3200DB259A /* SupportAssistantLightShadowView.swift */; };
		7EB84D572B216B4E00DB259A /* SupportAssistantLightShadowFeature.swift in Sources */ = {isa = PBXBuildFile; fileRef = 7EB84D562B216B4E00DB259A /* SupportAssistantLightShadowFeature.swift */; };
		7EB84D592B217A5D00DB259A /* Color+Ex.swift in Sources */ = {isa = PBXBuildFile; fileRef = 7EB84D582B217A5D00DB259A /* Color+Ex.swift */; };
		7EB84D5B2B217AAE00DB259A /* String+Ex.swift in Sources */ = {isa = PBXBuildFile; fileRef = 7EB84D5A2B217AAE00DB259A /* String+Ex.swift */; };
		7EB84D5D2B21A1C300DB259A /* SupportAssistantLightShadowTextCell.swift in Sources */ = {isa = PBXBuildFile; fileRef = 7EB84D5C2B21A1C300DB259A /* SupportAssistantLightShadowTextCell.swift */; };
		7EE7CA202B171630003A1B4A /* UploadImageModel.swift in Sources */ = {isa = PBXBuildFile; fileRef = 7EE7CA1F2B171630003A1B4A /* UploadImageModel.swift */; };
		7EE7CA222B1724FB003A1B4A /* TextImageTaskConfigureModel.swift in Sources */ = {isa = PBXBuildFile; fileRef = 7EE7CA212B1724FB003A1B4A /* TextImageTaskConfigureModel.swift */; };
		7EE7CA242B172510003A1B4A /* TextImageTaskResultModel.swift in Sources */ = {isa = PBXBuildFile; fileRef = 7EE7CA232B172510003A1B4A /* TextImageTaskResultModel.swift */; };
		7EE7CA262B1728AF003A1B4A /* GradientProgressView.swift in Sources */ = {isa = PBXBuildFile; fileRef = 7EE7CA252B1728AF003A1B4A /* GradientProgressView.swift */; };
		7EE7CA292B1728E9003A1B4A /* SupportAssistantMakeView.swift in Sources */ = {isa = PBXBuildFile; fileRef = 7EE7CA272B1728E9003A1B4A /* SupportAssistantMakeView.swift */; };
		7EE7CA2A2B1728E9003A1B4A /* SupportAssistantMakeFeature.swift in Sources */ = {isa = PBXBuildFile; fileRef = 7EE7CA282B1728E9003A1B4A /* SupportAssistantMakeFeature.swift */; };
		7EE7CA2C2B1732A4003A1B4A /* SupportAssistantResultView.swift in Sources */ = {isa = PBXBuildFile; fileRef = 7EE7CA2B2B1732A4003A1B4A /* SupportAssistantResultView.swift */; };
		7EE7CA2E2B1732C7003A1B4A /* SupportAssistantResultFeature.swift in Sources */ = {isa = PBXBuildFile; fileRef = 7EE7CA2D2B1732C7003A1B4A /* SupportAssistantResultFeature.swift */; };
		7EE7CA312B1736BA003A1B4A /* Kingfisher in Frameworks */ = {isa = PBXBuildFile; productRef = 7EE7CA302B1736BA003A1B4A /* Kingfisher */; };
		D310AC212B10A1CE00E48A66 /* .swiftlint.yml in Resources */ = {isa = PBXBuildFile; fileRef = D310AC202B10A1CE00E48A66 /* .swiftlint.yml */; };
		D310AC272B10A69D00E48A66 /* MessagingHubView.swift in Sources */ = {isa = PBXBuildFile; fileRef = D310AC262B10A69D00E48A66 /* MessagingHubView.swift */; };
		D310AC312B10A8C600E48A66 /* MoreOptionsFeature.swift in Sources */ = {isa = PBXBuildFile; fileRef = D310AC302B10A8C600E48A66 /* MoreOptionsFeature.swift */; };
		D310AC352B10AB9700E48A66 /* TabHubView.swift in Sources */ = {isa = PBXBuildFile; fileRef = D310AC342B10AB9700E48A66 /* TabHubView.swift */; };
/* End PBXBuildFile section */

/* Begin PBXFileReference section */
		65081C572B18CE91004F4C47 /* SegmentControlStyleView.swift */ = {isa = PBXFileReference; lastKnownFileType = sourcecode.swift; path = SegmentControlStyleView.swift; sourceTree = "<group>"; };
		65081C5A2B18DC29004F4C47 /* ChatMsgShareView.swift */ = {isa = PBXFileReference; lastKnownFileType = sourcecode.swift; path = ChatMsgShareView.swift; sourceTree = "<group>"; };
		65081C5C2B18ED9E004F4C47 /* ChatConfigUnit.swift */ = {isa = PBXFileReference; lastKnownFileType = sourcecode.swift; path = ChatConfigUnit.swift; sourceTree = "<group>"; };
		6553F6F82B18AC0D00C77C29 /* ChatModelSetupView.swift */ = {isa = PBXFileReference; lastKnownFileType = sourcecode.swift; path = ChatModelSetupView.swift; sourceTree = "<group>"; };
		6553F6FA2B18AC1B00C77C29 /* ChatModelSetupFeature.swift */ = {isa = PBXFileReference; lastKnownFileType = sourcecode.swift; path = ChatModelSetupFeature.swift; sourceTree = "<group>"; };
		6553F6FC2B18AC2500C77C29 /* ChatModelSetupClient.swift */ = {isa = PBXFileReference; lastKnownFileType = sourcecode.swift; path = ChatModelSetupClient.swift; sourceTree = "<group>"; };
		655D35FD2B16D82F004A5308 /* SuggestionsModel.swift */ = {isa = PBXFileReference; fileEncoding = 4; lastKnownFileType = sourcecode.swift; path = SuggestionsModel.swift; sourceTree = "<group>"; };
		655D35FE2B16D82F004A5308 /* TopicHistoryModel.swift */ = {isa = PBXFileReference; fileEncoding = 4; lastKnownFileType = sourcecode.swift; path = TopicHistoryModel.swift; sourceTree = "<group>"; };
		655D36032B16D85C004A5308 /* MessageListView.swift */ = {isa = PBXFileReference; fileEncoding = 4; lastKnownFileType = sourcecode.swift; path = MessageListView.swift; sourceTree = "<group>"; };
		655D36042B16D85C004A5308 /* MessageListFeature.swift */ = {isa = PBXFileReference; fileEncoding = 4; lastKnownFileType = sourcecode.swift; path = MessageListFeature.swift; sourceTree = "<group>"; };
		655D36072B16D864004A5308 /* MessagingClient.swift */ = {isa = PBXFileReference; fileEncoding = 4; lastKnownFileType = sourcecode.swift; path = MessagingClient.swift; sourceTree = "<group>"; };
		655D36092B171299004A5308 /* Date+Ex.swift */ = {isa = PBXFileReference; lastKnownFileType = sourcecode.swift; path = "Date+Ex.swift"; sourceTree = "<group>"; };
		65876EC52B0F880400DFFE0C /* HttpRequestHandler.swift */ = {isa = PBXFileReference; lastKnownFileType = sourcecode.swift; path = HttpRequestHandler.swift; sourceTree = "<group>"; };
		65876EC72B0F881100DFFE0C /* HttpResponseHandler.swift */ = {isa = PBXFileReference; lastKnownFileType = sourcecode.swift; path = HttpResponseHandler.swift; sourceTree = "<group>"; };
		65876ECB2B0F885200DFFE0C /* HttpErrorHandler.swift */ = {isa = PBXFileReference; lastKnownFileType = sourcecode.swift; path = HttpErrorHandler.swift; sourceTree = "<group>"; };
		65876ECF2B0F89DA00DFFE0C /* LaunchConfigReducer.swift */ = {isa = PBXFileReference; lastKnownFileType = sourcecode.swift; path = LaunchConfigReducer.swift; sourceTree = "<group>"; };
		65876ED92B0F936A00DFFE0C /* UserProfileModel.swift */ = {isa = PBXFileReference; lastKnownFileType = sourcecode.swift; path = UserProfileModel.swift; sourceTree = "<group>"; };
		65876EDB2B0F948B00DFFE0C /* LaunchLoadView.swift */ = {isa = PBXFileReference; lastKnownFileType = sourcecode.swift; path = LaunchLoadView.swift; sourceTree = "<group>"; };
		65876EDD2B0F96A500DFFE0C /* HttpRequestClient.swift */ = {isa = PBXFileReference; lastKnownFileType = sourcecode.swift; path = HttpRequestClient.swift; sourceTree = "<group>"; };
		65876EE02B0FA0A800DFFE0C /* assistant_icon_wallpaper.gif */ = {isa = PBXFileReference; lastKnownFileType = image.gif; path = assistant_icon_wallpaper.gif; sourceTree = "<group>"; };
		65876EE12B0FA0A800DFFE0C /* assistant_icon_avatar.gif */ = {isa = PBXFileReference; lastKnownFileType = image.gif; path = assistant_icon_avatar.gif; sourceTree = "<group>"; };
		65876EE22B0FA0A800DFFE0C /* assistant_icon_socializing.gif */ = {isa = PBXFileReference; lastKnownFileType = image.gif; path = assistant_icon_socializing.gif; sourceTree = "<group>"; };
		65876EE32B0FA0A800DFFE0C /* assistant_icon_writing.gif */ = {isa = PBXFileReference; lastKnownFileType = image.gif; path = assistant_icon_writing.gif; sourceTree = "<group>"; };
		65876EE82B0FA0B400DFFE0C /* DouyinSansBold.otf */ = {isa = PBXFileReference; lastKnownFileType = file; path = DouyinSansBold.otf; sourceTree = "<group>"; };
		659A550E2B0EFE0500B2BF9B /* WeiBainingAI.app */ = {isa = PBXFileReference; explicitFileType = wrapper.application; includeInIndex = 0; path = WeiBainingAI.app; sourceTree = BUILT_PRODUCTS_DIR; };
		659A55112B0EFE0500B2BF9B /* WeiBainingAIApp.swift */ = {isa = PBXFileReference; lastKnownFileType = sourcecode.swift; path = WeiBainingAIApp.swift; sourceTree = "<group>"; };
		659A55152B0EFE0600B2BF9B /* Assets.xcassets */ = {isa = PBXFileReference; lastKnownFileType = folder.assetcatalog; path = Assets.xcassets; sourceTree = "<group>"; };
		659A55172B0EFE0600B2BF9B /* WeiBainingAI.entitlements */ = {isa = PBXFileReference; lastKnownFileType = text.plist.entitlements; path = WeiBainingAI.entitlements; sourceTree = "<group>"; };
		659A55192B0EFE0600B2BF9B /* Preview Assets.xcassets */ = {isa = PBXFileReference; lastKnownFileType = folder.assetcatalog; path = "Preview Assets.xcassets"; sourceTree = "<group>"; };
		65EAFBD02B18C5150055ABEA /* LaunchConfigClient.swift */ = {isa = PBXFileReference; fileEncoding = 4; lastKnownFileType = sourcecode.swift; path = LaunchConfigClient.swift; sourceTree = "<group>"; };
		65EAFBD22B18C5800055ABEA /* ImagePickerView.swift */ = {isa = PBXFileReference; fileEncoding = 4; lastKnownFileType = sourcecode.swift; path = ImagePickerView.swift; sourceTree = "<group>"; };
		65EAFBD42B18C59B0055ABEA /* MessagingHubViewFeature.swift */ = {isa = PBXFileReference; fileEncoding = 4; lastKnownFileType = sourcecode.swift; path = MessagingHubViewFeature.swift; sourceTree = "<group>"; };
		65EAFBD62B18C5B60055ABEA /* HttpParserHandler.swift */ = {isa = PBXFileReference; fileEncoding = 4; lastKnownFileType = sourcecode.swift; path = HttpParserHandler.swift; sourceTree = "<group>"; };
		65EAFBD82B18C5E90055ABEA /* MoreOptionsView.swift */ = {isa = PBXFileReference; fileEncoding = 4; lastKnownFileType = sourcecode.swift; path = MoreOptionsView.swift; sourceTree = "<group>"; };
		65EAFBDA2B18C6050055ABEA /* SupportAssistantView.swift */ = {isa = PBXFileReference; fileEncoding = 4; lastKnownFileType = sourcecode.swift; path = SupportAssistantView.swift; sourceTree = "<group>"; };
		7E0CD91C2B148A2F00308394 /* SupportAssistantDetailsModel.swift */ = {isa = PBXFileReference; lastKnownFileType = sourcecode.swift; path = SupportAssistantDetailsModel.swift; sourceTree = "<group>"; };
		7E0FD99B2B2056BF0079C82D /* SupportAssistantTextView.swift */ = {isa = PBXFileReference; lastKnownFileType = sourcecode.swift; path = SupportAssistantTextView.swift; sourceTree = "<group>"; };
		7E0FD99D2B2056DF0079C82D /* SupportAssistantTextFeature.swift */ = {isa = PBXFileReference; lastKnownFileType = sourcecode.swift; path = SupportAssistantTextFeature.swift; sourceTree = "<group>"; };
		7E15CF8A2B1EFBEB00982C7B /* PremiumMemberSelectView.swift */ = {isa = PBXFileReference; lastKnownFileType = sourcecode.swift; path = PremiumMemberSelectView.swift; sourceTree = "<group>"; };
		7E51696C2B16143500737171 /* SupportAssistantDetailsTextCell.swift */ = {isa = PBXFileReference; lastKnownFileType = sourcecode.swift; path = SupportAssistantDetailsTextCell.swift; sourceTree = "<group>"; };
		7E51696E2B16157E00737171 /* SupportAssistantDetailsSegmentedCell.swift */ = {isa = PBXFileReference; lastKnownFileType = sourcecode.swift; path = SupportAssistantDetailsSegmentedCell.swift; sourceTree = "<group>"; };
		7E645C762B19892500D7E589 /* MoreOptionsGroupModel.swift */ = {isa = PBXFileReference; lastKnownFileType = sourcecode.swift; path = MoreOptionsGroupModel.swift; sourceTree = "<group>"; };
		7E645C782B199EC700D7E589 /* MoreOptionsHeaderView.swift */ = {isa = PBXFileReference; lastKnownFileType = sourcecode.swift; path = MoreOptionsHeaderView.swift; sourceTree = "<group>"; };
		7E645C7A2B19BC3600D7E589 /* MoreOptionsItemCell.swift */ = {isa = PBXFileReference; lastKnownFileType = sourcecode.swift; path = MoreOptionsItemCell.swift; sourceTree = "<group>"; };
		7E645C7C2B19BD5100D7E589 /* MoreOptionsBalanceCell.swift */ = {isa = PBXFileReference; lastKnownFileType = sourcecode.swift; path = MoreOptionsBalanceCell.swift; sourceTree = "<group>"; };
		7E645C7E2B19C09900D7E589 /* Info.plist */ = {isa = PBXFileReference; lastKnownFileType = text.plist.xml; path = Info.plist; sourceTree = "<group>"; };
		7E645C7F2B19C40000D7E589 /* MoreBalanceItemModel.swift */ = {isa = PBXFileReference; lastKnownFileType = sourcecode.swift; path = MoreBalanceItemModel.swift; sourceTree = "<group>"; };
		7E645C812B19CA2A00D7E589 /* MoreOptionsClient.swift */ = {isa = PBXFileReference; lastKnownFileType = sourcecode.swift; path = MoreOptionsClient.swift; sourceTree = "<group>"; };
		7E645C832B19D19700D7E589 /* MoreOptionsSectionView.swift */ = {isa = PBXFileReference; lastKnownFileType = sourcecode.swift; path = MoreOptionsSectionView.swift; sourceTree = "<group>"; };
		7E645C852B19D86B00D7E589 /* MoreSafariView.swift */ = {isa = PBXFileReference; lastKnownFileType = sourcecode.swift; path = MoreSafariView.swift; sourceTree = "<group>"; };
		7E6747EC2B1ADC12001D95FB /* PremiumMemberView.swift */ = {isa = PBXFileReference; lastKnownFileType = sourcecode.swift; path = PremiumMemberView.swift; sourceTree = "<group>"; };
		7E6747EE2B1ADC2F001D95FB /* PremiumMemberFeature.swift */ = {isa = PBXFileReference; lastKnownFileType = sourcecode.swift; path = PremiumMemberFeature.swift; sourceTree = "<group>"; };
		7E6747F02B1B0DB0001D95FB /* PremiumMemberHeaderView.swift */ = {isa = PBXFileReference; lastKnownFileType = sourcecode.swift; path = PremiumMemberHeaderView.swift; sourceTree = "<group>"; };
		7E6747F22B1B1AA7001D95FB /* MemberHeaderItemModel.swift */ = {isa = PBXFileReference; lastKnownFileType = sourcecode.swift; path = MemberHeaderItemModel.swift; sourceTree = "<group>"; };
		7E6747F82B1B40DD001D95FB /* PremiumMemberSelectItemView.swift */ = {isa = PBXFileReference; lastKnownFileType = sourcecode.swift; path = PremiumMemberSelectItemView.swift; sourceTree = "<group>"; };
		7E6747FA2B1B4430001D95FB /* PremiumMemberModel.swift */ = {isa = PBXFileReference; lastKnownFileType = sourcecode.swift; path = PremiumMemberModel.swift; sourceTree = "<group>"; };
		7E6747FC2B1B44AE001D95FB /* PremiumMemberPageModel.swift */ = {isa = PBXFileReference; lastKnownFileType = sourcecode.swift; path = PremiumMemberPageModel.swift; sourceTree = "<group>"; };
		7E6747FE2B1B452C001D95FB /* PremiumMemberClient.swift */ = {isa = PBXFileReference; lastKnownFileType = sourcecode.swift; path = PremiumMemberClient.swift; sourceTree = "<group>"; };
		7E75FB6B2B22C85F009F828E /* AppStoreResultModel.swift */ = {isa = PBXFileReference; lastKnownFileType = sourcecode.swift; path = AppStoreResultModel.swift; sourceTree = "<group>"; };
		7E75FB6D2B2332A4009F828E /* Launch Screen.storyboard */ = {isa = PBXFileReference; lastKnownFileType = file.storyboard; path = "Launch Screen.storyboard"; sourceTree = "<group>"; };
		7E88044C2B1DDED300C430E1 /* PremiumMemberTest.storekit */ = {isa = PBXFileReference; lastKnownFileType = text; path = PremiumMemberTest.storekit; sourceTree = "<group>"; };
		7E94A4752B143B8300EA23F8 /* SupportAssistantCell.swift */ = {isa = PBXFileReference; lastKnownFileType = sourcecode.swift; path = SupportAssistantCell.swift; sourceTree = "<group>"; };
		7E94A4772B143BC100EA23F8 /* SupportAssistantModel.swift */ = {isa = PBXFileReference; lastKnownFileType = sourcecode.swift; path = SupportAssistantModel.swift; sourceTree = "<group>"; };
		7E94A47E2B144B0600EA23F8 /* SupportAssistantFeature.swift */ = {isa = PBXFileReference; fileEncoding = 4; lastKnownFileType = sourcecode.swift; path = SupportAssistantFeature.swift; sourceTree = "<group>"; };
		7E94A4812B144BD200EA23F8 /* SupportAssistantDetailsView.swift */ = {isa = PBXFileReference; fileEncoding = 4; lastKnownFileType = sourcecode.swift; path = SupportAssistantDetailsView.swift; sourceTree = "<group>"; };
		7E94A4822B144BD200EA23F8 /* SupportAssistantDetailsFeature.swift */ = {isa = PBXFileReference; fileEncoding = 4; lastKnownFileType = sourcecode.swift; path = SupportAssistantDetailsFeature.swift; sourceTree = "<group>"; };
		7E95BC232B14C220001884AD /* SegmentedControl.swift */ = {isa = PBXFileReference; lastKnownFileType = sourcecode.swift; path = SegmentedControl.swift; sourceTree = "<group>"; };
		7EA68D0B2B15D10D00958343 /* SupportAssistantClient.swift */ = {isa = PBXFileReference; lastKnownFileType = sourcecode.swift; path = SupportAssistantClient.swift; sourceTree = "<group>"; };
		7EA68D112B15EE1B00958343 /* ImagePickerFeature.swift */ = {isa = PBXFileReference; lastKnownFileType = sourcecode.swift; path = ImagePickerFeature.swift; sourceTree = "<group>"; };
		7EA68D132B16058200958343 /* SupportAssistantDetailsImageCell.swift */ = {isa = PBXFileReference; lastKnownFileType = sourcecode.swift; path = SupportAssistantDetailsImageCell.swift; sourceTree = "<group>"; };
		7EB84D542B216B3200DB259A /* SupportAssistantLightShadowView.swift */ = {isa = PBXFileReference; lastKnownFileType = sourcecode.swift; path = SupportAssistantLightShadowView.swift; sourceTree = "<group>"; };
		7EB84D562B216B4E00DB259A /* SupportAssistantLightShadowFeature.swift */ = {isa = PBXFileReference; lastKnownFileType = sourcecode.swift; path = SupportAssistantLightShadowFeature.swift; sourceTree = "<group>"; };
		7EB84D582B217A5D00DB259A /* Color+Ex.swift */ = {isa = PBXFileReference; lastKnownFileType = sourcecode.swift; path = "Color+Ex.swift"; sourceTree = "<group>"; };
		7EB84D5A2B217AAE00DB259A /* String+Ex.swift */ = {isa = PBXFileReference; lastKnownFileType = sourcecode.swift; path = "String+Ex.swift"; sourceTree = "<group>"; };
		7EB84D5C2B21A1C300DB259A /* SupportAssistantLightShadowTextCell.swift */ = {isa = PBXFileReference; lastKnownFileType = sourcecode.swift; path = SupportAssistantLightShadowTextCell.swift; sourceTree = "<group>"; };
		7EE7CA1F2B171630003A1B4A /* UploadImageModel.swift */ = {isa = PBXFileReference; lastKnownFileType = sourcecode.swift; path = UploadImageModel.swift; sourceTree = "<group>"; };
		7EE7CA212B1724FB003A1B4A /* TextImageTaskConfigureModel.swift */ = {isa = PBXFileReference; lastKnownFileType = sourcecode.swift; path = TextImageTaskConfigureModel.swift; sourceTree = "<group>"; };
		7EE7CA232B172510003A1B4A /* TextImageTaskResultModel.swift */ = {isa = PBXFileReference; lastKnownFileType = sourcecode.swift; path = TextImageTaskResultModel.swift; sourceTree = "<group>"; };
		7EE7CA252B1728AF003A1B4A /* GradientProgressView.swift */ = {isa = PBXFileReference; fileEncoding = 4; lastKnownFileType = sourcecode.swift; path = GradientProgressView.swift; sourceTree = "<group>"; };
		7EE7CA272B1728E9003A1B4A /* SupportAssistantMakeView.swift */ = {isa = PBXFileReference; fileEncoding = 4; lastKnownFileType = sourcecode.swift; path = SupportAssistantMakeView.swift; sourceTree = "<group>"; };
		7EE7CA282B1728E9003A1B4A /* SupportAssistantMakeFeature.swift */ = {isa = PBXFileReference; fileEncoding = 4; lastKnownFileType = sourcecode.swift; path = SupportAssistantMakeFeature.swift; sourceTree = "<group>"; };
		7EE7CA2B2B1732A4003A1B4A /* SupportAssistantResultView.swift */ = {isa = PBXFileReference; lastKnownFileType = sourcecode.swift; path = SupportAssistantResultView.swift; sourceTree = "<group>"; };
		7EE7CA2D2B1732C7003A1B4A /* SupportAssistantResultFeature.swift */ = {isa = PBXFileReference; lastKnownFileType = sourcecode.swift; path = SupportAssistantResultFeature.swift; sourceTree = "<group>"; };
		D310AC202B10A1CE00E48A66 /* .swiftlint.yml */ = {isa = PBXFileReference; lastKnownFileType = text.yaml; path = .swiftlint.yml; sourceTree = "<group>"; };
		D310AC262B10A69D00E48A66 /* MessagingHubView.swift */ = {isa = PBXFileReference; lastKnownFileType = sourcecode.swift; path = MessagingHubView.swift; sourceTree = "<group>"; };
		D310AC302B10A8C600E48A66 /* MoreOptionsFeature.swift */ = {isa = PBXFileReference; lastKnownFileType = sourcecode.swift; path = MoreOptionsFeature.swift; sourceTree = "<group>"; };
		D310AC342B10AB9700E48A66 /* TabHubView.swift */ = {isa = PBXFileReference; lastKnownFileType = sourcecode.swift; path = TabHubView.swift; sourceTree = "<group>"; };
/* End PBXFileReference section */

/* Begin PBXFrameworksBuildPhase section */
		659A550B2B0EFE0500B2BF9B /* Frameworks */ = {
			isa = PBXFrameworksBuildPhase;
			buildActionMask = 2147483647;
			files = (
				65876ED52B0F8D7C00DFFE0C /* Alamofire in Frameworks */,
				659A55222B0EFE2C00B2BF9B /* Reachability in Frameworks */,
				7E689D9C2B15CA9600B4BFD3 /* ComposableArchitecture in Frameworks */,
				65876EC02B0F86BF00DFFE0C /* DeviceKit in Frameworks */,
				7EE7CA312B1736BA003A1B4A /* Kingfisher in Frameworks */,
				65876EC32B0F873D00DFFE0C /* CryptoSwift in Frameworks */,
				659A552E2B0F004700B2BF9B /* SVProgressHUD in Frameworks */,
				659A55342B0F009A00B2BF9B /* Logging in Frameworks */,
				659A55312B0F007400B2BF9B /* SwiftUIX in Frameworks */,
				659A552B2B0F003600B2BF9B /* KeychainSwift in Frameworks */,
			);
			runOnlyForDeploymentPostprocessing = 0;
		};
/* End PBXFrameworksBuildPhase section */

/* Begin PBXGroup section */
		65081C592B18DC05004F4C47 /* ChatMsgShare */ = {
			isa = PBXGroup;
			children = (
				65081C5A2B18DC29004F4C47 /* ChatMsgShareView.swift */,
			);
			path = ChatMsgShare;
			sourceTree = "<group>";
		};
		6553F6F62B18ABCB00C77C29 /* ChatModelSetup */ = {
			isa = PBXGroup;
			children = (
				65081C572B18CE91004F4C47 /* SegmentControlStyleView.swift */,
				6553F6F82B18AC0D00C77C29 /* ChatModelSetupView.swift */,
				6553F6FA2B18AC1B00C77C29 /* ChatModelSetupFeature.swift */,
				6553F6FC2B18AC2500C77C29 /* ChatModelSetupClient.swift */,
				65081C5C2B18ED9E004F4C47 /* ChatConfigUnit.swift */,
			);
			path = ChatModelSetup;
			sourceTree = "<group>";
		};
		655D36022B16D85C004A5308 /* MessageList */ = {
			isa = PBXGroup;
			children = (
				655D36032B16D85C004A5308 /* MessageListView.swift */,
				655D36042B16D85C004A5308 /* MessageListFeature.swift */,
			);
			path = MessageList;
			sourceTree = "<group>";
		};
		65876EC42B0F87ED00DFFE0C /* HttpRequest */ = {
			isa = PBXGroup;
			children = (
				65876EDD2B0F96A500DFFE0C /* HttpRequestClient.swift */,
				65876EC52B0F880400DFFE0C /* HttpRequestHandler.swift */,
				65876EC72B0F881100DFFE0C /* HttpResponseHandler.swift */,
				65EAFBD62B18C5B60055ABEA /* HttpParserHandler.swift */,
				65876ECB2B0F885200DFFE0C /* HttpErrorHandler.swift */,
			);
			path = HttpRequest;
			sourceTree = "<group>";
		};
		65876ECD2B0F890200DFFE0C /* Units */ = {
			isa = PBXGroup;
			children = (
				655D36092B171299004A5308 /* Date+Ex.swift */,
				7EB84D582B217A5D00DB259A /* Color+Ex.swift */,
				7EB84D5A2B217AAE00DB259A /* String+Ex.swift */,
			);
			path = Units;
			sourceTree = "<group>";
		};
		65876ECE2B0F890900DFFE0C /* Launch */ = {
			isa = PBXGroup;
			children = (
				65876ECF2B0F89DA00DFFE0C /* LaunchConfigReducer.swift */,
				65EAFBD02B18C5150055ABEA /* LaunchConfigClient.swift */,
				65876EDB2B0F948B00DFFE0C /* LaunchLoadView.swift */,
			);
			path = Launch;
			sourceTree = "<group>";
		};
		65876ED82B0F936000DFFE0C /* Models */ = {
			isa = PBXGroup;
			children = (
				65876ED92B0F936A00DFFE0C /* UserProfileModel.swift */,
				7E94A4772B143BC100EA23F8 /* SupportAssistantModel.swift */,
				7E0CD91C2B148A2F00308394 /* SupportAssistantDetailsModel.swift */,
				7EE7CA1F2B171630003A1B4A /* UploadImageModel.swift */,
				7EE7CA212B1724FB003A1B4A /* TextImageTaskConfigureModel.swift */,
				7EE7CA232B172510003A1B4A /* TextImageTaskResultModel.swift */,
				655D35FD2B16D82F004A5308 /* SuggestionsModel.swift */,
				655D35FE2B16D82F004A5308 /* TopicHistoryModel.swift */,
				7E645C762B19892500D7E589 /* MoreOptionsGroupModel.swift */,
				7E645C7F2B19C40000D7E589 /* MoreBalanceItemModel.swift */,
				7E6747F22B1B1AA7001D95FB /* MemberHeaderItemModel.swift */,
				7E6747FA2B1B4430001D95FB /* PremiumMemberModel.swift */,
				7E6747FC2B1B44AE001D95FB /* PremiumMemberPageModel.swift */,
				7E75FB6B2B22C85F009F828E /* AppStoreResultModel.swift */,
			);
			path = Models;
			sourceTree = "<group>";
		};
		65876EDF2B0FA09800DFFE0C /* Resource */ = {
			isa = PBXGroup;
			children = (
				65876EE82B0FA0B400DFFE0C /* DouyinSansBold.otf */,
				65876EE12B0FA0A800DFFE0C /* assistant_icon_avatar.gif */,
				65876EE22B0FA0A800DFFE0C /* assistant_icon_socializing.gif */,
				65876EE02B0FA0A800DFFE0C /* assistant_icon_wallpaper.gif */,
				65876EE32B0FA0A800DFFE0C /* assistant_icon_writing.gif */,
			);
			path = Resource;
			sourceTree = "<group>";
		};
		659A55052B0EFE0500B2BF9B = {
			isa = PBXGroup;
			children = (
				D310AC202B10A1CE00E48A66 /* .swiftlint.yml */,
				659A55102B0EFE0500B2BF9B /* WeiBainingAI */,
				659A550F2B0EFE0500B2BF9B /* Products */,
			);
			sourceTree = "<group>";
		};
		659A550F2B0EFE0500B2BF9B /* Products */ = {
			isa = PBXGroup;
			children = (
				659A550E2B0EFE0500B2BF9B /* WeiBainingAI.app */,
			);
			name = Products;
			sourceTree = "<group>";
		};
		659A55102B0EFE0500B2BF9B /* WeiBainingAI */ = {
			isa = PBXGroup;
			children = (
				7E645C7E2B19C09900D7E589 /* Info.plist */,
				D310AC222B10A39800E48A66 /* Modules */,
				65876EC42B0F87ED00DFFE0C /* HttpRequest */,
				65876ED82B0F936000DFFE0C /* Models */,
				65876ECD2B0F890200DFFE0C /* Units */,
				65876EDF2B0FA09800DFFE0C /* Resource */,
				659A55172B0EFE0600B2BF9B /* WeiBainingAI.entitlements */,
				659A55112B0EFE0500B2BF9B /* WeiBainingAIApp.swift */,
				7E75FB6D2B2332A4009F828E /* Launch Screen.storyboard */,
				659A55152B0EFE0600B2BF9B /* Assets.xcassets */,
				659A55182B0EFE0600B2BF9B /* Preview Content */,
			);
			path = WeiBainingAI;
			sourceTree = "<group>";
		};
		659A55182B0EFE0600B2BF9B /* Preview Content */ = {
			isa = PBXGroup;
			children = (
				659A55192B0EFE0600B2BF9B /* Preview Assets.xcassets */,
			);
			path = "Preview Content";
			sourceTree = "<group>";
		};
		D310AC222B10A39800E48A66 /* Modules */ = {
			isa = PBXGroup;
			children = (
				65876ECE2B0F890900DFFE0C /* Launch */,
				D310AC232B10A3AA00E48A66 /* MessagingHub */,
				D310AC242B10A65D00E48A66 /* SupportAssistant */,
				D310AC252B10A66100E48A66 /* MoreOptions */,
				D310AC342B10AB9700E48A66 /* TabHubView.swift */,
			);
			path = Modules;
			sourceTree = "<group>";
		};
		D310AC232B10A3AA00E48A66 /* MessagingHub */ = {
			isa = PBXGroup;
			children = (
				D310AC262B10A69D00E48A66 /* MessagingHubView.swift */,
				655D36072B16D864004A5308 /* MessagingClient.swift */,
				65EAFBD42B18C59B0055ABEA /* MessagingHubViewFeature.swift */,
				6553F6F62B18ABCB00C77C29 /* ChatModelSetup */,
				65081C592B18DC05004F4C47 /* ChatMsgShare */,
				655D36022B16D85C004A5308 /* MessageList */,
			);
			path = MessagingHub;
			sourceTree = "<group>";
		};
		D310AC242B10A65D00E48A66 /* SupportAssistant */ = {
			isa = PBXGroup;
			children = (
				65EAFBDA2B18C6050055ABEA /* SupportAssistantView.swift */,
				7E94A4752B143B8300EA23F8 /* SupportAssistantCell.swift */,
				7E94A47E2B144B0600EA23F8 /* SupportAssistantFeature.swift */,
				7EA68D0B2B15D10D00958343 /* SupportAssistantClient.swift */,
				7EB84D542B216B3200DB259A /* SupportAssistantLightShadowView.swift */,
				7EB84D5C2B21A1C300DB259A /* SupportAssistantLightShadowTextCell.swift */,
				7EB84D562B216B4E00DB259A /* SupportAssistantLightShadowFeature.swift */,
				7E0FD99B2B2056BF0079C82D /* SupportAssistantTextView.swift */,
				7E0FD99D2B2056DF0079C82D /* SupportAssistantTextFeature.swift */,
				7E94A4812B144BD200EA23F8 /* SupportAssistantDetailsView.swift */,
				7EA68D132B16058200958343 /* SupportAssistantDetailsImageCell.swift */,
				7E51696C2B16143500737171 /* SupportAssistantDetailsTextCell.swift */,
				7E51696E2B16157E00737171 /* SupportAssistantDetailsSegmentedCell.swift */,
				7E94A4822B144BD200EA23F8 /* SupportAssistantDetailsFeature.swift */,
				7EE7CA272B1728E9003A1B4A /* SupportAssistantMakeView.swift */,
				7EE7CA282B1728E9003A1B4A /* SupportAssistantMakeFeature.swift */,
				7EE7CA2B2B1732A4003A1B4A /* SupportAssistantResultView.swift */,
				7EE7CA2D2B1732C7003A1B4A /* SupportAssistantResultFeature.swift */,
				7E95BC232B14C220001884AD /* SegmentedControl.swift */,
				65EAFBD22B18C5800055ABEA /* ImagePickerView.swift */,
				7EA68D112B15EE1B00958343 /* ImagePickerFeature.swift */,
				7EE7CA252B1728AF003A1B4A /* GradientProgressView.swift */,
			);
			path = SupportAssistant;
			sourceTree = "<group>";
		};
		D310AC252B10A66100E48A66 /* MoreOptions */ = {
			isa = PBXGroup;
			children = (
				65EAFBD82B18C5E90055ABEA /* MoreOptionsView.swift */,
				D310AC302B10A8C600E48A66 /* MoreOptionsFeature.swift */,
				7E645C812B19CA2A00D7E589 /* MoreOptionsClient.swift */,
				7E645C832B19D19700D7E589 /* MoreOptionsSectionView.swift */,
				7E645C782B199EC700D7E589 /* MoreOptionsHeaderView.swift */,
				7E645C7A2B19BC3600D7E589 /* MoreOptionsItemCell.swift */,
				7E645C7C2B19BD5100D7E589 /* MoreOptionsBalanceCell.swift */,
				7E645C852B19D86B00D7E589 /* MoreSafariView.swift */,
				7E6747EC2B1ADC12001D95FB /* PremiumMemberView.swift */,
				7E6747EE2B1ADC2F001D95FB /* PremiumMemberFeature.swift */,
				7E6747FE2B1B452C001D95FB /* PremiumMemberClient.swift */,
				7E6747F02B1B0DB0001D95FB /* PremiumMemberHeaderView.swift */,
				7E15CF8A2B1EFBEB00982C7B /* PremiumMemberSelectView.swift */,
				7E6747F82B1B40DD001D95FB /* PremiumMemberSelectItemView.swift */,
				7E88044C2B1DDED300C430E1 /* PremiumMemberTest.storekit */,
			);
			path = MoreOptions;
			sourceTree = "<group>";
		};
/* End PBXGroup section */

/* Begin PBXNativeTarget section */
		659A550D2B0EFE0500B2BF9B /* WeiBainingAI */ = {
			isa = PBXNativeTarget;
			buildConfigurationList = 659A551D2B0EFE0600B2BF9B /* Build configuration list for PBXNativeTarget "WeiBainingAI" */;
			buildPhases = (
				659A550A2B0EFE0500B2BF9B /* Sources */,
				659A550B2B0EFE0500B2BF9B /* Frameworks */,
				659A550C2B0EFE0500B2BF9B /* Resources */,
				D310AC1F2B10A19E00E48A66 /* SwiftLint */,
			);
			buildRules = (
			);
			dependencies = (
			);
			name = WeiBainingAI;
			packageProductDependencies = (
				659A55212B0EFE2C00B2BF9B /* Reachability */,
				659A552A2B0F003600B2BF9B /* KeychainSwift */,
				659A552D2B0F004700B2BF9B /* SVProgressHUD */,
				659A55302B0F007400B2BF9B /* SwiftUIX */,
				659A55332B0F009A00B2BF9B /* Logging */,
				65876EBF2B0F86BF00DFFE0C /* DeviceKit */,
				65876EC22B0F873D00DFFE0C /* CryptoSwift */,
				65876ED42B0F8D7C00DFFE0C /* Alamofire */,
				7E689D9B2B15CA9600B4BFD3 /* ComposableArchitecture */,
				7EE7CA302B1736BA003A1B4A /* Kingfisher */,
			);
			productName = WeiBainingAI;
			productReference = 659A550E2B0EFE0500B2BF9B /* WeiBainingAI.app */;
			productType = "com.apple.product-type.application";
		};
/* End PBXNativeTarget section */

/* Begin PBXProject section */
		659A55062B0EFE0500B2BF9B /* Project object */ = {
			isa = PBXProject;
			attributes = {
				BuildIndependentTargetsInParallel = 1;
				LastSwiftUpdateCheck = 1500;
				LastUpgradeCheck = 1500;
				TargetAttributes = {
					659A550D2B0EFE0500B2BF9B = {
						CreatedOnToolsVersion = 15.0.1;
					};
				};
			};
			buildConfigurationList = 659A55092B0EFE0500B2BF9B /* Build configuration list for PBXProject "WeiBainingAI" */;
			compatibilityVersion = "Xcode 14.0";
			developmentRegion = en;
			hasScannedForEncodings = 0;
			knownRegions = (
				en,
				Base,
			);
			mainGroup = 659A55052B0EFE0500B2BF9B;
			packageReferences = (
				659A55202B0EFE2C00B2BF9B /* XCRemoteSwiftPackageReference "Reachability" */,
				659A55292B0F003600B2BF9B /* XCRemoteSwiftPackageReference "keychain-swift" */,
				659A552C2B0F004700B2BF9B /* XCRemoteSwiftPackageReference "SVProgressHUD" */,
				659A552F2B0F007400B2BF9B /* XCRemoteSwiftPackageReference "SwiftUIX" */,
				659A55322B0F009A00B2BF9B /* XCRemoteSwiftPackageReference "swift-log" */,
				65876EBE2B0F86BF00DFFE0C /* XCRemoteSwiftPackageReference "DeviceKit" */,
				65876EC12B0F873D00DFFE0C /* XCRemoteSwiftPackageReference "CryptoSwift" */,
				65876ED32B0F8D7C00DFFE0C /* XCRemoteSwiftPackageReference "Alamofire" */,
				7E689D9A2B15CA9600B4BFD3 /* XCRemoteSwiftPackageReference "swift-composable-architecture" */,
				7EE7CA2F2B1736BA003A1B4A /* XCRemoteSwiftPackageReference "Kingfisher" */,
			);
			productRefGroup = 659A550F2B0EFE0500B2BF9B /* Products */;
			projectDirPath = "";
			projectRoot = "";
			targets = (
				659A550D2B0EFE0500B2BF9B /* WeiBainingAI */,
			);
		};
/* End PBXProject section */

/* Begin PBXResourcesBuildPhase section */
		659A550C2B0EFE0500B2BF9B /* Resources */ = {
			isa = PBXResourcesBuildPhase;
			buildActionMask = 2147483647;
			files = (
				D310AC212B10A1CE00E48A66 /* .swiftlint.yml in Resources */,
				65876EE92B0FA0B400DFFE0C /* DouyinSansBold.otf in Resources */,
				65876EE62B0FA0A800DFFE0C /* assistant_icon_socializing.gif in Resources */,
				7E75FB6E2B2332A4009F828E /* Launch Screen.storyboard in Resources */,
				659A551A2B0EFE0600B2BF9B /* Preview Assets.xcassets in Resources */,
				65876EE52B0FA0A800DFFE0C /* assistant_icon_avatar.gif in Resources */,
				65876EE42B0FA0A800DFFE0C /* assistant_icon_wallpaper.gif in Resources */,
				659A55162B0EFE0600B2BF9B /* Assets.xcassets in Resources */,
				65876EE72B0FA0A800DFFE0C /* assistant_icon_writing.gif in Resources */,
			);
			runOnlyForDeploymentPostprocessing = 0;
		};
/* End PBXResourcesBuildPhase section */

/* Begin PBXShellScriptBuildPhase section */
		D310AC1F2B10A19E00E48A66 /* SwiftLint */ = {
			isa = PBXShellScriptBuildPhase;
			alwaysOutOfDate = 1;
			buildActionMask = 2147483647;
			files = (
			);
			inputFileListPaths = (
			);
			inputPaths = (
			);
			name = SwiftLint;
			outputFileListPaths = (
			);
			outputPaths = (
			);
			runOnlyForDeploymentPostprocessing = 0;
			shellPath = /bin/sh;
			shellScript = "# Type a script or drag a script file from your workspace to insert its path.\nif [[ \"$(uname -m)\" == arm64 ]]; then\n    export PATH=\"/opt/homebrew/bin:$PATH\"\nfi\n\nif which swiftlint > /dev/null; then\n  swiftlint\nelse\n  echo \"warning: SwiftLint not installed, download from https://github.com/realm/SwiftLint\"\nfi\n";
		};
/* End PBXShellScriptBuildPhase section */

/* Begin PBXSourcesBuildPhase section */
		659A550A2B0EFE0500B2BF9B /* Sources */ = {
			isa = PBXSourcesBuildPhase;
			buildActionMask = 2147483647;
			files = (
				7EB84D5D2B21A1C300DB259A /* SupportAssistantLightShadowTextCell.swift in Sources */,
				7E94A4842B144BD200EA23F8 /* SupportAssistantDetailsFeature.swift in Sources */,
				7EE7CA262B1728AF003A1B4A /* GradientProgressView.swift in Sources */,
				65876EDE2B0F96A500DFFE0C /* HttpRequestClient.swift in Sources */,
				7EE7CA222B1724FB003A1B4A /* TextImageTaskConfigureModel.swift in Sources */,
				7E94A4802B144B0600EA23F8 /* SupportAssistantFeature.swift in Sources */,
				65876EDA2B0F936A00DFFE0C /* UserProfileModel.swift in Sources */,
				7E6747EF2B1ADC2F001D95FB /* PremiumMemberFeature.swift in Sources */,
				7E6747FF2B1B452C001D95FB /* PremiumMemberClient.swift in Sources */,
				65081C5B2B18DC29004F4C47 /* ChatMsgShareView.swift in Sources */,
				6553F6FD2B18AC2500C77C29 /* ChatModelSetupClient.swift in Sources */,
				6553F6F92B18AC0D00C77C29 /* ChatModelSetupView.swift in Sources */,
				655D360A2B171299004A5308 /* Date+Ex.swift in Sources */,
				65876EC82B0F881100DFFE0C /* HttpResponseHandler.swift in Sources */,
				7E51696D2B16143500737171 /* SupportAssistantDetailsTextCell.swift in Sources */,
				65081C5D2B18ED9E004F4C47 /* ChatConfigUnit.swift in Sources */,
				7EA68D0C2B15D10D00958343 /* SupportAssistantClient.swift in Sources */,
				7EE7CA292B1728E9003A1B4A /* SupportAssistantMakeView.swift in Sources */,
				7EE7CA2E2B1732C7003A1B4A /* SupportAssistantResultFeature.swift in Sources */,
				7E15CF8B2B1EFBEB00982C7B /* PremiumMemberSelectView.swift in Sources */,
				65EAFBD92B18C5E90055ABEA /* MoreOptionsView.swift in Sources */,
				65876EDC2B0F948B00DFFE0C /* LaunchLoadView.swift in Sources */,
				7E6747F92B1B40DD001D95FB /* PremiumMemberSelectItemView.swift in Sources */,
				7E6747FD2B1B44AE001D95FB /* PremiumMemberPageModel.swift in Sources */,
				7E6747F12B1B0DB0001D95FB /* PremiumMemberHeaderView.swift in Sources */,
				659A55122B0EFE0500B2BF9B /* WeiBainingAIApp.swift in Sources */,
				7E645C842B19D19700D7E589 /* MoreOptionsSectionView.swift in Sources */,
				7E6747ED2B1ADC12001D95FB /* PremiumMemberView.swift in Sources */,
				7EE7CA2C2B1732A4003A1B4A /* SupportAssistantResultView.swift in Sources */,
				7E645C792B199EC700D7E589 /* MoreOptionsHeaderView.swift in Sources */,
				7E645C772B19892500D7E589 /* MoreOptionsGroupModel.swift in Sources */,
				7EE7CA242B172510003A1B4A /* TextImageTaskResultModel.swift in Sources */,
				7E0FD99C2B2056BF0079C82D /* SupportAssistantTextView.swift in Sources */,
				7E645C7B2B19BC3600D7E589 /* MoreOptionsItemCell.swift in Sources */,
				7EB84D5B2B217AAE00DB259A /* String+Ex.swift in Sources */,
				7E645C822B19CA2A00D7E589 /* MoreOptionsClient.swift in Sources */,
				7E75FB6C2B22C85F009F828E /* AppStoreResultModel.swift in Sources */,
				7EE7CA202B171630003A1B4A /* UploadImageModel.swift in Sources */,
				7EB84D552B216B3200DB259A /* SupportAssistantLightShadowView.swift in Sources */,
				7EE7CA2A2B1728E9003A1B4A /* SupportAssistantMakeFeature.swift in Sources */,
				655D36062B16D85C004A5308 /* MessageListFeature.swift in Sources */,
				7E645C862B19D86B00D7E589 /* MoreSafariView.swift in Sources */,
				7E645C7D2B19BD5100D7E589 /* MoreOptionsBalanceCell.swift in Sources */,
				7EE7CA242B172510003A1B4A /* TextImageTaskResultModel.swift in Sources */,
				65EAFBDB2B18C6050055ABEA /* SupportAssistantView.swift in Sources */,
				7EE7CA202B171630003A1B4A /* UploadImageModel.swift in Sources */,
				7EE7CA2A2B1728E9003A1B4A /* SupportAssistantMakeFeature.swift in Sources */,
				7EB84D592B217A5D00DB259A /* Color+Ex.swift in Sources */,
				655D36062B16D85C004A5308 /* MessageListFeature.swift in Sources */,
				65081C582B18CE91004F4C47 /* SegmentControlStyleView.swift in Sources */,
				655D36052B16D85C004A5308 /* MessageListView.swift in Sources */,
				655D35FF2B16D82F004A5308 /* SuggestionsModel.swift in Sources */,
				65EAFBD12B18C5150055ABEA /* LaunchConfigClient.swift in Sources */,
				65876ED02B0F89DA00DFFE0C /* LaunchConfigReducer.swift in Sources */,
				65EAFBD72B18C5B60055ABEA /* HttpParserHandler.swift in Sources */,
				7E6747FB2B1B4430001D95FB /* PremiumMemberModel.swift in Sources */,
				D310AC352B10AB9700E48A66 /* TabHubView.swift in Sources */,
				65EAFBD32B18C5800055ABEA /* ImagePickerView.swift in Sources */,
				7EB84D572B216B4E00DB259A /* SupportAssistantLightShadowFeature.swift in Sources */,
				655D36002B16D82F004A5308 /* TopicHistoryModel.swift in Sources */,
				7EA68D142B16058200958343 /* SupportAssistantDetailsImageCell.swift in Sources */,
				7E94A4762B143B8300EA23F8 /* SupportAssistantCell.swift in Sources */,
				7E0CD91D2B148A2F00308394 /* SupportAssistantDetailsModel.swift in Sources */,
				7E94A4782B143BC100EA23F8 /* SupportAssistantModel.swift in Sources */,
				7E51696F2B16157E00737171 /* SupportAssistantDetailsSegmentedCell.swift in Sources */,
				65876EC62B0F880400DFFE0C /* HttpRequestHandler.swift in Sources */,
				6553F6FB2B18AC1B00C77C29 /* ChatModelSetupFeature.swift in Sources */,
				65EAFBD52B18C59C0055ABEA /* MessagingHubViewFeature.swift in Sources */,
				7EA68D122B15EE1B00958343 /* ImagePickerFeature.swift in Sources */,
				7E94A4832B144BD200EA23F8 /* SupportAssistantDetailsView.swift in Sources */,
				D310AC272B10A69D00E48A66 /* MessagingHubView.swift in Sources */,
				7E95BC242B14C220001884AD /* SegmentedControl.swift in Sources */,
				7E645C802B19C40000D7E589 /* MoreBalanceItemModel.swift in Sources */,
				D310AC312B10A8C600E48A66 /* MoreOptionsFeature.swift in Sources */,
				7E0FD99E2B2056DF0079C82D /* SupportAssistantTextFeature.swift in Sources */,
				65876ECC2B0F885200DFFE0C /* HttpErrorHandler.swift in Sources */,
				655D36082B16D864004A5308 /* MessagingClient.swift in Sources */,
				7E6747F32B1B1AA7001D95FB /* MemberHeaderItemModel.swift in Sources */,
			);
			runOnlyForDeploymentPostprocessing = 0;
		};
/* End PBXSourcesBuildPhase section */

/* Begin XCBuildConfiguration section */
		659A551B2B0EFE0600B2BF9B /* Debug */ = {
			isa = XCBuildConfiguration;
			buildSettings = {
				ALWAYS_SEARCH_USER_PATHS = NO;
				ASSETCATALOG_COMPILER_GENERATE_SWIFT_ASSET_SYMBOL_EXTENSIONS = YES;
				CLANG_ANALYZER_NONNULL = YES;
				CLANG_ANALYZER_NUMBER_OBJECT_CONVERSION = YES_AGGRESSIVE;
				CLANG_CXX_LANGUAGE_STANDARD = "gnu++20";
				CLANG_ENABLE_MODULES = YES;
				CLANG_ENABLE_OBJC_ARC = YES;
				CLANG_ENABLE_OBJC_WEAK = YES;
				CLANG_WARN_BLOCK_CAPTURE_AUTORELEASING = YES;
				CLANG_WARN_BOOL_CONVERSION = YES;
				CLANG_WARN_COMMA = YES;
				CLANG_WARN_CONSTANT_CONVERSION = YES;
				CLANG_WARN_DEPRECATED_OBJC_IMPLEMENTATIONS = YES;
				CLANG_WARN_DIRECT_OBJC_ISA_USAGE = YES_ERROR;
				CLANG_WARN_DOCUMENTATION_COMMENTS = YES;
				CLANG_WARN_EMPTY_BODY = YES;
				CLANG_WARN_ENUM_CONVERSION = YES;
				CLANG_WARN_INFINITE_RECURSION = YES;
				CLANG_WARN_INT_CONVERSION = YES;
				CLANG_WARN_NON_LITERAL_NULL_CONVERSION = YES;
				CLANG_WARN_OBJC_IMPLICIT_RETAIN_SELF = YES;
				CLANG_WARN_OBJC_LITERAL_CONVERSION = YES;
				CLANG_WARN_OBJC_ROOT_CLASS = YES_ERROR;
				CLANG_WARN_QUOTED_INCLUDE_IN_FRAMEWORK_HEADER = YES;
				CLANG_WARN_RANGE_LOOP_ANALYSIS = YES;
				CLANG_WARN_STRICT_PROTOTYPES = YES;
				CLANG_WARN_SUSPICIOUS_MOVE = YES;
				CLANG_WARN_UNGUARDED_AVAILABILITY = YES_AGGRESSIVE;
				CLANG_WARN_UNREACHABLE_CODE = YES;
				CLANG_WARN__DUPLICATE_METHOD_MATCH = YES;
				COPY_PHASE_STRIP = NO;
				DEBUG_INFORMATION_FORMAT = dwarf;
				ENABLE_STRICT_OBJC_MSGSEND = YES;
				ENABLE_TESTABILITY = YES;
				ENABLE_USER_SCRIPT_SANDBOXING = YES;
				GCC_C_LANGUAGE_STANDARD = gnu17;
				GCC_DYNAMIC_NO_PIC = NO;
				GCC_NO_COMMON_BLOCKS = YES;
				GCC_OPTIMIZATION_LEVEL = 0;
				GCC_PREPROCESSOR_DEFINITIONS = (
					"DEBUG=1",
					"$(inherited)",
				);
				GCC_WARN_64_TO_32_BIT_CONVERSION = YES;
				GCC_WARN_ABOUT_RETURN_TYPE = YES_ERROR;
				GCC_WARN_UNDECLARED_SELECTOR = YES;
				GCC_WARN_UNINITIALIZED_AUTOS = YES_AGGRESSIVE;
				GCC_WARN_UNUSED_FUNCTION = YES;
				GCC_WARN_UNUSED_VARIABLE = YES;
				LOCALIZATION_PREFERS_STRING_CATALOGS = YES;
				MTL_ENABLE_DEBUG_INFO = INCLUDE_SOURCE;
				MTL_FAST_MATH = YES;
				ONLY_ACTIVE_ARCH = YES;
				SWIFT_ACTIVE_COMPILATION_CONDITIONS = "DEBUG $(inherited)";
				SWIFT_OPTIMIZATION_LEVEL = "-Onone";
			};
			name = Debug;
		};
		659A551C2B0EFE0600B2BF9B /* Release */ = {
			isa = XCBuildConfiguration;
			buildSettings = {
				ALWAYS_SEARCH_USER_PATHS = NO;
				ASSETCATALOG_COMPILER_GENERATE_SWIFT_ASSET_SYMBOL_EXTENSIONS = YES;
				CLANG_ANALYZER_NONNULL = YES;
				CLANG_ANALYZER_NUMBER_OBJECT_CONVERSION = YES_AGGRESSIVE;
				CLANG_CXX_LANGUAGE_STANDARD = "gnu++20";
				CLANG_ENABLE_MODULES = YES;
				CLANG_ENABLE_OBJC_ARC = YES;
				CLANG_ENABLE_OBJC_WEAK = YES;
				CLANG_WARN_BLOCK_CAPTURE_AUTORELEASING = YES;
				CLANG_WARN_BOOL_CONVERSION = YES;
				CLANG_WARN_COMMA = YES;
				CLANG_WARN_CONSTANT_CONVERSION = YES;
				CLANG_WARN_DEPRECATED_OBJC_IMPLEMENTATIONS = YES;
				CLANG_WARN_DIRECT_OBJC_ISA_USAGE = YES_ERROR;
				CLANG_WARN_DOCUMENTATION_COMMENTS = YES;
				CLANG_WARN_EMPTY_BODY = YES;
				CLANG_WARN_ENUM_CONVERSION = YES;
				CLANG_WARN_INFINITE_RECURSION = YES;
				CLANG_WARN_INT_CONVERSION = YES;
				CLANG_WARN_NON_LITERAL_NULL_CONVERSION = YES;
				CLANG_WARN_OBJC_IMPLICIT_RETAIN_SELF = YES;
				CLANG_WARN_OBJC_LITERAL_CONVERSION = YES;
				CLANG_WARN_OBJC_ROOT_CLASS = YES_ERROR;
				CLANG_WARN_QUOTED_INCLUDE_IN_FRAMEWORK_HEADER = YES;
				CLANG_WARN_RANGE_LOOP_ANALYSIS = YES;
				CLANG_WARN_STRICT_PROTOTYPES = YES;
				CLANG_WARN_SUSPICIOUS_MOVE = YES;
				CLANG_WARN_UNGUARDED_AVAILABILITY = YES_AGGRESSIVE;
				CLANG_WARN_UNREACHABLE_CODE = YES;
				CLANG_WARN__DUPLICATE_METHOD_MATCH = YES;
				COPY_PHASE_STRIP = NO;
				DEBUG_INFORMATION_FORMAT = "dwarf-with-dsym";
				ENABLE_NS_ASSERTIONS = NO;
				ENABLE_STRICT_OBJC_MSGSEND = YES;
				ENABLE_USER_SCRIPT_SANDBOXING = YES;
				GCC_C_LANGUAGE_STANDARD = gnu17;
				GCC_NO_COMMON_BLOCKS = YES;
				GCC_WARN_64_TO_32_BIT_CONVERSION = YES;
				GCC_WARN_ABOUT_RETURN_TYPE = YES_ERROR;
				GCC_WARN_UNDECLARED_SELECTOR = YES;
				GCC_WARN_UNINITIALIZED_AUTOS = YES_AGGRESSIVE;
				GCC_WARN_UNUSED_FUNCTION = YES;
				GCC_WARN_UNUSED_VARIABLE = YES;
				LOCALIZATION_PREFERS_STRING_CATALOGS = YES;
				MTL_ENABLE_DEBUG_INFO = NO;
				MTL_FAST_MATH = YES;
				SWIFT_COMPILATION_MODE = wholemodule;
			};
			name = Release;
		};
		659A551E2B0EFE0600B2BF9B /* Debug */ = {
			isa = XCBuildConfiguration;
			buildSettings = {
				ASSETCATALOG_COMPILER_APPICON_NAME = AppIcon;
				ASSETCATALOG_COMPILER_GLOBAL_ACCENT_COLOR_NAME = AccentColor;
				CODE_SIGN_ENTITLEMENTS = WeiBainingAI/WeiBainingAI.entitlements;
				"CODE_SIGN_IDENTITY[sdk=macosx*]" = "iPhone Developer";
				CODE_SIGN_STYLE = Manual;
				CURRENT_PROJECT_VERSION = 1;
				DEVELOPMENT_ASSET_PATHS = "\"WeiBainingAI/Preview Content\"";
				DEVELOPMENT_TEAM = "";
				"DEVELOPMENT_TEAM[sdk=iphoneos*]" = CJ5RHVG9LE;
				"DEVELOPMENT_TEAM[sdk=macosx*]" = "";
				ENABLE_PREVIEWS = YES;
				ENABLE_USER_SCRIPT_SANDBOXING = NO;
				GENERATE_INFOPLIST_FILE = YES;
				INFOPLIST_FILE = WeiBainingAI/Info.plist;
				INFOPLIST_KEY_NSPhotoLibraryAddUsageDescription = "允许访问相册, 用于保存生成的图像数据";
				INFOPLIST_KEY_NSPhotoLibraryUsageDescription = "允许访问相册, 用于添加参考图像";
				"INFOPLIST_KEY_UIApplicationSceneManifest_Generation[sdk=iphoneos*]" = YES;
				"INFOPLIST_KEY_UIApplicationSceneManifest_Generation[sdk=iphonesimulator*]" = YES;
				"INFOPLIST_KEY_UIApplicationSupportsIndirectInputEvents[sdk=iphoneos*]" = YES;
				"INFOPLIST_KEY_UIApplicationSupportsIndirectInputEvents[sdk=iphonesimulator*]" = YES;
				"INFOPLIST_KEY_UILaunchScreen_Generation[sdk=iphoneos*]" = YES;
				"INFOPLIST_KEY_UILaunchScreen_Generation[sdk=iphonesimulator*]" = YES;
				INFOPLIST_KEY_UILaunchStoryboardName = "Launch Screen.storyboard";
				"INFOPLIST_KEY_UIStatusBarStyle[sdk=iphoneos*]" = UIStatusBarStyleDefault;
				"INFOPLIST_KEY_UIStatusBarStyle[sdk=iphonesimulator*]" = UIStatusBarStyleDefault;
				INFOPLIST_KEY_UISupportedInterfaceOrientations_iPad = "UIInterfaceOrientationPortrait UIInterfaceOrientationPortraitUpsideDown UIInterfaceOrientationLandscapeLeft UIInterfaceOrientationLandscapeRight";
				INFOPLIST_KEY_UISupportedInterfaceOrientations_iPhone = "UIInterfaceOrientationPortrait UIInterfaceOrientationLandscapeLeft UIInterfaceOrientationLandscapeRight";
				IPHONEOS_DEPLOYMENT_TARGET = 15.0;
				LD_RUNPATH_SEARCH_PATHS = "@executable_path/Frameworks";
				"LD_RUNPATH_SEARCH_PATHS[sdk=macosx*]" = "@executable_path/../Frameworks";
				MACOSX_DEPLOYMENT_TARGET = 14.0;
				MARKETING_VERSION = 1.0;
				PRODUCT_BUNDLE_IDENTIFIER = com.dev.WeiBainingAI;
				PRODUCT_NAME = "$(TARGET_NAME)";
				PROVISIONING_PROFILE_SPECIFIER = "";
				"PROVISIONING_PROFILE_SPECIFIER[sdk=iphoneos*]" = "Wildcard Development";
				"PROVISIONING_PROFILE_SPECIFIER[sdk=macosx*]" = "";
				SDKROOT = auto;
				SUPPORTED_PLATFORMS = "iphoneos iphonesimulator";
				SUPPORTS_MACCATALYST = NO;
				SWIFT_EMIT_LOC_STRINGS = YES;
				SWIFT_VERSION = 5.0;
				TARGETED_DEVICE_FAMILY = "1,2";
			};
			name = Debug;
		};
		659A551F2B0EFE0600B2BF9B /* Release */ = {
			isa = XCBuildConfiguration;
			buildSettings = {
				ASSETCATALOG_COMPILER_APPICON_NAME = AppIcon;
				ASSETCATALOG_COMPILER_GLOBAL_ACCENT_COLOR_NAME = AccentColor;
				CODE_SIGN_ENTITLEMENTS = WeiBainingAI/WeiBainingAI.entitlements;
				"CODE_SIGN_IDENTITY[sdk=macosx*]" = "iPhone Developer";
				CODE_SIGN_STYLE = Manual;
				CURRENT_PROJECT_VERSION = 1;
				DEVELOPMENT_ASSET_PATHS = "\"WeiBainingAI/Preview Content\"";
				DEVELOPMENT_TEAM = "";
				"DEVELOPMENT_TEAM[sdk=iphoneos*]" = CJ5RHVG9LE;
				"DEVELOPMENT_TEAM[sdk=macosx*]" = "";
				ENABLE_PREVIEWS = YES;
				ENABLE_USER_SCRIPT_SANDBOXING = NO;
				GENERATE_INFOPLIST_FILE = YES;
				INFOPLIST_FILE = WeiBainingAI/Info.plist;
				INFOPLIST_KEY_NSPhotoLibraryAddUsageDescription = "允许访问相册, 用于保存生成的图像数据";
				INFOPLIST_KEY_NSPhotoLibraryUsageDescription = "允许访问相册, 用于添加参考图像";
				"INFOPLIST_KEY_UIApplicationSceneManifest_Generation[sdk=iphoneos*]" = YES;
				"INFOPLIST_KEY_UIApplicationSceneManifest_Generation[sdk=iphonesimulator*]" = YES;
				"INFOPLIST_KEY_UIApplicationSupportsIndirectInputEvents[sdk=iphoneos*]" = YES;
				"INFOPLIST_KEY_UIApplicationSupportsIndirectInputEvents[sdk=iphonesimulator*]" = YES;
				"INFOPLIST_KEY_UILaunchScreen_Generation[sdk=iphoneos*]" = YES;
				"INFOPLIST_KEY_UILaunchScreen_Generation[sdk=iphonesimulator*]" = YES;
				INFOPLIST_KEY_UILaunchStoryboardName = "Launch Screen.storyboard";
				"INFOPLIST_KEY_UIStatusBarStyle[sdk=iphoneos*]" = UIStatusBarStyleDefault;
				"INFOPLIST_KEY_UIStatusBarStyle[sdk=iphonesimulator*]" = UIStatusBarStyleDefault;
				INFOPLIST_KEY_UISupportedInterfaceOrientations_iPad = "UIInterfaceOrientationPortrait UIInterfaceOrientationPortraitUpsideDown UIInterfaceOrientationLandscapeLeft UIInterfaceOrientationLandscapeRight";
				INFOPLIST_KEY_UISupportedInterfaceOrientations_iPhone = "UIInterfaceOrientationPortrait UIInterfaceOrientationLandscapeLeft UIInterfaceOrientationLandscapeRight";
				IPHONEOS_DEPLOYMENT_TARGET = 15.0;
				LD_RUNPATH_SEARCH_PATHS = "@executable_path/Frameworks";
				"LD_RUNPATH_SEARCH_PATHS[sdk=macosx*]" = "@executable_path/../Frameworks";
				MACOSX_DEPLOYMENT_TARGET = 14.0;
				MARKETING_VERSION = 1.0;
				PRODUCT_BUNDLE_IDENTIFIER = com.dev.WeiBainingAI;
				PRODUCT_NAME = "$(TARGET_NAME)";
				PROVISIONING_PROFILE_SPECIFIER = "";
				"PROVISIONING_PROFILE_SPECIFIER[sdk=iphoneos*]" = "Wildcard Development";
				"PROVISIONING_PROFILE_SPECIFIER[sdk=macosx*]" = "";
				SDKROOT = auto;
				SUPPORTED_PLATFORMS = "iphoneos iphonesimulator";
				SUPPORTS_MACCATALYST = NO;
				SWIFT_EMIT_LOC_STRINGS = YES;
				SWIFT_VERSION = 5.0;
				TARGETED_DEVICE_FAMILY = "1,2";
			};
			name = Release;
		};
/* End XCBuildConfiguration section */

/* Begin XCConfigurationList section */
		659A55092B0EFE0500B2BF9B /* Build configuration list for PBXProject "WeiBainingAI" */ = {
			isa = XCConfigurationList;
			buildConfigurations = (
				659A551B2B0EFE0600B2BF9B /* Debug */,
				659A551C2B0EFE0600B2BF9B /* Release */,
			);
			defaultConfigurationIsVisible = 0;
			defaultConfigurationName = Release;
		};
		659A551D2B0EFE0600B2BF9B /* Build configuration list for PBXNativeTarget "WeiBainingAI" */ = {
			isa = XCConfigurationList;
			buildConfigurations = (
				659A551E2B0EFE0600B2BF9B /* Debug */,
				659A551F2B0EFE0600B2BF9B /* Release */,
			);
			defaultConfigurationIsVisible = 0;
			defaultConfigurationName = Release;
		};
/* End XCConfigurationList section */

/* Begin XCRemoteSwiftPackageReference section */
		65876EBE2B0F86BF00DFFE0C /* XCRemoteSwiftPackageReference "DeviceKit" */ = {
			isa = XCRemoteSwiftPackageReference;
			repositoryURL = "https://github.com/devicekit/DeviceKit";
			requirement = {
				kind = upToNextMajorVersion;
				minimumVersion = 5.1.0;
			};
		};
		65876EC12B0F873D00DFFE0C /* XCRemoteSwiftPackageReference "CryptoSwift" */ = {
			isa = XCRemoteSwiftPackageReference;
			repositoryURL = "https://github.com/krzyzanowskim/CryptoSwift";
			requirement = {
				kind = upToNextMajorVersion;
				minimumVersion = 1.8.0;
			};
		};
		65876ED32B0F8D7C00DFFE0C /* XCRemoteSwiftPackageReference "Alamofire" */ = {
			isa = XCRemoteSwiftPackageReference;
			repositoryURL = "https://github.com/Alamofire/Alamofire";
			requirement = {
				kind = upToNextMajorVersion;
				minimumVersion = 5.8.1;
			};
		};
		659A55202B0EFE2C00B2BF9B /* XCRemoteSwiftPackageReference "Reachability" */ = {
			isa = XCRemoteSwiftPackageReference;
			repositoryURL = "https://github.com/ashleymills/Reachability.swift";
			requirement = {
				branch = master;
				kind = branch;
			};
		};
		659A55292B0F003600B2BF9B /* XCRemoteSwiftPackageReference "keychain-swift" */ = {
			isa = XCRemoteSwiftPackageReference;
			repositoryURL = "https://github.com/evgenyneu/keychain-swift";
			requirement = {
				kind = upToNextMajorVersion;
				minimumVersion = 20.0.0;
			};
		};
		659A552C2B0F004700B2BF9B /* XCRemoteSwiftPackageReference "SVProgressHUD" */ = {
			isa = XCRemoteSwiftPackageReference;
			repositoryURL = "https://github.com/SVProgressHUD/SVProgressHUD";
			requirement = {
				kind = upToNextMajorVersion;
				minimumVersion = 2.3.1;
			};
		};
		659A552F2B0F007400B2BF9B /* XCRemoteSwiftPackageReference "SwiftUIX" */ = {
			isa = XCRemoteSwiftPackageReference;
			repositoryURL = "https://github.com/SwiftUIX/SwiftUIX";
			requirement = {
				kind = upToNextMajorVersion;
				minimumVersion = 0.1.9;
			};
		};
		659A55322B0F009A00B2BF9B /* XCRemoteSwiftPackageReference "swift-log" */ = {
			isa = XCRemoteSwiftPackageReference;
			repositoryURL = "https://github.com/apple/swift-log";
			requirement = {
				kind = upToNextMajorVersion;
				minimumVersion = 1.5.3;
			};
		};
		7E689D9A2B15CA9600B4BFD3 /* XCRemoteSwiftPackageReference "swift-composable-architecture" */ = {
			isa = XCRemoteSwiftPackageReference;
			repositoryURL = "https://github.com/pointfreeco/swift-composable-architecture";
			requirement = {
				kind = upToNextMajorVersion;
				minimumVersion = 1.5.0;
			};
		};
		7EE7CA2F2B1736BA003A1B4A /* XCRemoteSwiftPackageReference "Kingfisher" */ = {
			isa = XCRemoteSwiftPackageReference;
			repositoryURL = "https://github.com/onevcat/Kingfisher";
			requirement = {
				kind = upToNextMajorVersion;
				minimumVersion = 7.10.0;
			};
		};
/* End XCRemoteSwiftPackageReference section */

/* Begin XCSwiftPackageProductDependency section */
		65876EBF2B0F86BF00DFFE0C /* DeviceKit */ = {
			isa = XCSwiftPackageProductDependency;
			package = 65876EBE2B0F86BF00DFFE0C /* XCRemoteSwiftPackageReference "DeviceKit" */;
			productName = DeviceKit;
		};
		65876EC22B0F873D00DFFE0C /* CryptoSwift */ = {
			isa = XCSwiftPackageProductDependency;
			package = 65876EC12B0F873D00DFFE0C /* XCRemoteSwiftPackageReference "CryptoSwift" */;
			productName = CryptoSwift;
		};
		65876ED42B0F8D7C00DFFE0C /* Alamofire */ = {
			isa = XCSwiftPackageProductDependency;
			package = 65876ED32B0F8D7C00DFFE0C /* XCRemoteSwiftPackageReference "Alamofire" */;
			productName = Alamofire;
		};
		659A55212B0EFE2C00B2BF9B /* Reachability */ = {
			isa = XCSwiftPackageProductDependency;
			package = 659A55202B0EFE2C00B2BF9B /* XCRemoteSwiftPackageReference "Reachability" */;
			productName = Reachability;
		};
		659A552A2B0F003600B2BF9B /* KeychainSwift */ = {
			isa = XCSwiftPackageProductDependency;
			package = 659A55292B0F003600B2BF9B /* XCRemoteSwiftPackageReference "keychain-swift" */;
			productName = KeychainSwift;
		};
		659A552D2B0F004700B2BF9B /* SVProgressHUD */ = {
			isa = XCSwiftPackageProductDependency;
			package = 659A552C2B0F004700B2BF9B /* XCRemoteSwiftPackageReference "SVProgressHUD" */;
			productName = SVProgressHUD;
		};
		659A55302B0F007400B2BF9B /* SwiftUIX */ = {
			isa = XCSwiftPackageProductDependency;
			package = 659A552F2B0F007400B2BF9B /* XCRemoteSwiftPackageReference "SwiftUIX" */;
			productName = SwiftUIX;
		};
		659A55332B0F009A00B2BF9B /* Logging */ = {
			isa = XCSwiftPackageProductDependency;
			package = 659A55322B0F009A00B2BF9B /* XCRemoteSwiftPackageReference "swift-log" */;
			productName = Logging;
		};
		7E689D9B2B15CA9600B4BFD3 /* ComposableArchitecture */ = {
			isa = XCSwiftPackageProductDependency;
			package = 7E689D9A2B15CA9600B4BFD3 /* XCRemoteSwiftPackageReference "swift-composable-architecture" */;
			productName = ComposableArchitecture;
		};
		7EE7CA302B1736BA003A1B4A /* Kingfisher */ = {
			isa = XCSwiftPackageProductDependency;
			package = 7EE7CA2F2B1736BA003A1B4A /* XCRemoteSwiftPackageReference "Kingfisher" */;
			productName = Kingfisher;
		};
/* End XCSwiftPackageProductDependency section */
	};
	rootObject = 659A55062B0EFE0500B2BF9B /* Project object */;
}
